
Microsoft Visual Studio Solution File, Format Version 12.00
# Visual Studio Version 17
VisualStudioVersion = 17.4.33205.214
MinimumVisualStudioVersion = 10.0.40219.1
Project("{FAE04EC0-301F-11D3-BF4B-00C04F79EFBC}") = "cs_lab3", "cs_lab3.csproj", "{D216AC57-762D-4D0F-8523-750F145518A0}"
EndProject
Project("{2150E333-8FDC-42A3-9474-1A3956D46DE8}") = "Элементы решения", "Элементы решения", "{8358D4E1-CC0B-497C-ABAE-DFE34E0966D4}"
	ProjectSection(SolutionItems) = preProject
		Vector.cs = Vector.cs
	EndProjectSection
EndProject
Global
	GlobalSection(SolutionConfigurationPlatforms) = preSolution
		Debug|Any CPU = Debug|Any CPU
		Release|Any CPU = Release|Any CPU
	EndGlobalSection
	GlobalSection(ProjectConfigurationPlatforms) = postSolution
		{D216AC57-762D-4D0F-8523-750F145518A0}.Debug|Any CPU.ActiveCfg = Debug|Any CPU
		{D216AC57-762D-4D0F-8523-750F145518A0}.Debug|Any CPU.Build.0 = Debug|Any CPU
		{D216AC57-762D-4D0F-8523-750F145518A0}.Release|Any CPU.ActiveCfg = Release|Any CPU
		{D216AC57-762D-4D0F-8523-750F145518A0}.Release|Any CPU.Build.0 = Release|Any CPU
	EndGlobalSection
	GlobalSection(SolutionProperties) = preSolution
		HideSolutionNode = FALSE
	EndGlobalSection
	GlobalSection(ExtensibilityGlobals) = postSolution
		SolutionGuid = {8E7CE910-04E2-4A0D-BE1B-CF0707D271F1}
	EndGlobalSection
EndGlobal
